// !$*UTF8*$!
{
	archiveVersion = 1;
	classes = {
	};
	objectVersion = 46;
	objects = {

/* Begin PBXAggregateTarget section */
		"XCTAssertNoMemoryLeak::XCTAssertNoMemoryLeakPackageTests::ProductTarget" /* XCTAssertNoMemoryLeakPackageTests */ = {
			isa = PBXAggregateTarget;
			buildConfigurationList = OBJ_31 /* Build configuration list for PBXAggregateTarget "XCTAssertNoMemoryLeakPackageTests" */;
			buildPhases = (
			);
			dependencies = (
				OBJ_34 /* PBXTargetDependency */,
			);
			name = XCTAssertNoMemoryLeakPackageTests;
			productName = XCTAssertNoMemoryLeakPackageTests;
		};
/* End PBXAggregateTarget section */

/* Begin PBXBuildFile section */
		D2AE7DF1220FFBA600B482AB /* Assert.swift in Sources */ = {isa = PBXBuildFile; fileRef = D2AE7DF0220FFBA600B482AB /* Assert.swift */; };
		D2AE7DF522185D6900B482AB /* Context.swift in Sources */ = {isa = PBXBuildFile; fileRef = D2AE7DF422185D6900B482AB /* Context.swift */; };
		D2C2A43322264893002E0A0E /* CustomeTraversable.swift in Sources */ = {isa = PBXBuildFile; fileRef = D2C2A43222264893002E0A0E /* CustomeTraversable.swift */; };
		D2CB4DD4220FECE100CB0A62 /* Node.swift in Sources */ = {isa = PBXBuildFile; fileRef = D2CB4DD3220FECE100CB0A62 /* Node.swift */; };
		D2CB4DD9220FF86900CB0A62 /* NodeTests.swift in Sources */ = {isa = PBXBuildFile; fileRef = D2CB4DD7220FF85100CB0A62 /* NodeTests.swift */; };
		OBJ_22 /* XCTAssertNoMemoryLeak.swift in Sources */ = {isa = PBXBuildFile; fileRef = OBJ_9 /* XCTAssertNoMemoryLeak.swift */; };
		OBJ_29 /* Package.swift in Sources */ = {isa = PBXBuildFile; fileRef = OBJ_6 /* Package.swift */; };
		OBJ_40 /* XCTAssertNoMemoryLeakTests.swift in Sources */ = {isa = PBXBuildFile; fileRef = OBJ_12 /* XCTAssertNoMemoryLeakTests.swift */; };
		OBJ_41 /* XCTestManifests.swift in Sources */ = {isa = PBXBuildFile; fileRef = OBJ_13 /* XCTestManifests.swift */; };
		OBJ_43 /* XCTAssertNoMemoryLeak.framework in Frameworks */ = {isa = PBXBuildFile; fileRef = "XCTAssertNoMemoryLeak::XCTAssertNoMemoryLeak::Product" /* XCTAssertNoMemoryLeak.framework */; };
/* End PBXBuildFile section */

/* Begin PBXContainerItemProxy section */
		D2CB4DD0220FEC9100CB0A62 /* PBXContainerItemProxy */ = {
			isa = PBXContainerItemProxy;
			containerPortal = OBJ_1 /* Project object */;
			proxyType = 1;
			remoteGlobalIDString = "XCTAssertNoMemoryLeak::XCTAssertNoMemoryLeak";
			remoteInfo = XCTAssertNoMemoryLeak;
		};
		D2CB4DD1220FEC9500CB0A62 /* PBXContainerItemProxy */ = {
			isa = PBXContainerItemProxy;
			containerPortal = OBJ_1 /* Project object */;
			proxyType = 1;
			remoteGlobalIDString = "XCTAssertNoMemoryLeak::XCTAssertNoMemoryLeakTests";
			remoteInfo = XCTAssertNoMemoryLeakTests;
		};
/* End PBXContainerItemProxy section */

/* Begin PBXFileReference section */
		D2AE7DF0220FFBA600B482AB /* Assert.swift */ = {isa = PBXFileReference; lastKnownFileType = sourcecode.swift; path = Assert.swift; sourceTree = "<group>"; };
		D2AE7DF422185D6900B482AB /* Context.swift */ = {isa = PBXFileReference; lastKnownFileType = sourcecode.swift; path = Context.swift; sourceTree = "<group>"; };
		D2C2A43222264893002E0A0E /* CustomeTraversable.swift */ = {isa = PBXFileReference; lastKnownFileType = sourcecode.swift; path = CustomeTraversable.swift; sourceTree = "<group>"; };
		D2CB4DD3220FECE100CB0A62 /* Node.swift */ = {isa = PBXFileReference; lastKnownFileType = sourcecode.swift; path = Node.swift; sourceTree = "<group>"; };
		D2CB4DD7220FF85100CB0A62 /* NodeTests.swift */ = {isa = PBXFileReference; lastKnownFileType = sourcecode.swift; path = NodeTests.swift; sourceTree = "<group>"; };
		OBJ_12 /* XCTAssertNoMemoryLeakTests.swift */ = {isa = PBXFileReference; lastKnownFileType = sourcecode.swift; path = XCTAssertNoMemoryLeakTests.swift; sourceTree = "<group>"; };
		OBJ_13 /* XCTestManifests.swift */ = {isa = PBXFileReference; lastKnownFileType = sourcecode.swift; path = XCTestManifests.swift; sourceTree = "<group>"; };
		OBJ_6 /* Package.swift */ = {isa = PBXFileReference; explicitFileType = sourcecode.swift; path = Package.swift; sourceTree = "<group>"; };
		OBJ_9 /* XCTAssertNoMemoryLeak.swift */ = {isa = PBXFileReference; lastKnownFileType = sourcecode.swift; path = XCTAssertNoMemoryLeak.swift; sourceTree = "<group>"; };
		"XCTAssertNoMemoryLeak::XCTAssertNoMemoryLeak::Product" /* XCTAssertNoMemoryLeak.framework */ = {isa = PBXFileReference; explicitFileType = wrapper.framework; path = XCTAssertNoMemoryLeak.framework; sourceTree = BUILT_PRODUCTS_DIR; };
		"XCTAssertNoMemoryLeak::XCTAssertNoMemoryLeakTests::Product" /* XCTAssertNoMemoryLeakTests.xctest */ = {isa = PBXFileReference; explicitFileType = wrapper.cfbundle; path = XCTAssertNoMemoryLeakTests.xctest; sourceTree = BUILT_PRODUCTS_DIR; };
/* End PBXFileReference section */

/* Begin PBXFrameworksBuildPhase section */
		OBJ_23 /* Frameworks */ = {
			isa = PBXFrameworksBuildPhase;
			buildActionMask = 0;
			files = (
			);
			runOnlyForDeploymentPostprocessing = 0;
		};
		OBJ_42 /* Frameworks */ = {
			isa = PBXFrameworksBuildPhase;
			buildActionMask = 0;
			files = (
				OBJ_43 /* XCTAssertNoMemoryLeak.framework in Frameworks */,
			);
			runOnlyForDeploymentPostprocessing = 0;
		};
/* End PBXFrameworksBuildPhase section */

/* Begin PBXGroup section */
		D2AE7DF22210042A00B482AB /* Front */ = {
			isa = PBXGroup;
			children = (
				OBJ_9 /* XCTAssertNoMemoryLeak.swift */,
			);
			path = Front;
			sourceTree = "<group>";
		};
		D2CB4DD2220FEC9C00CB0A62 /* Core */ = {
			isa = PBXGroup;
			children = (
				D2CB4DD3220FECE100CB0A62 /* Node.swift */,
				D2AE7DF422185D6900B482AB /* Context.swift */,
				D2AE7DF0220FFBA600B482AB /* Assert.swift */,
				D2C2A43222264893002E0A0E /* CustomeTraversable.swift */,
			);
			path = Core;
			sourceTree = "<group>";
		};
		OBJ_10 /* Tests */ = {
			isa = PBXGroup;
			children = (
				OBJ_11 /* XCTAssertNoMemoryLeakTests */,
			);
			name = Tests;
			sourceTree = SOURCE_ROOT;
		};
		OBJ_11 /* XCTAssertNoMemoryLeakTests */ = {
			isa = PBXGroup;
			children = (
				OBJ_12 /* XCTAssertNoMemoryLeakTests.swift */,
				D2CB4DD7220FF85100CB0A62 /* NodeTests.swift */,
				OBJ_13 /* XCTestManifests.swift */,
			);
			name = XCTAssertNoMemoryLeakTests;
			path = Tests/XCTAssertNoMemoryLeakTests;
			sourceTree = SOURCE_ROOT;
		};
		OBJ_14 /* Products */ = {
			isa = PBXGroup;
			children = (
				"XCTAssertNoMemoryLeak::XCTAssertNoMemoryLeak::Product" /* XCTAssertNoMemoryLeak.framework */,
				"XCTAssertNoMemoryLeak::XCTAssertNoMemoryLeakTests::Product" /* XCTAssertNoMemoryLeakTests.xctest */,
			);
			name = Products;
			sourceTree = BUILT_PRODUCTS_DIR;
		};
		OBJ_5 = {
			isa = PBXGroup;
			children = (
				OBJ_6 /* Package.swift */,
				OBJ_7 /* Sources */,
				OBJ_10 /* Tests */,
				OBJ_14 /* Products */,
			);
			sourceTree = "<group>";
		};
		OBJ_7 /* Sources */ = {
			isa = PBXGroup;
			children = (
				OBJ_8 /* XCTAssertNoMemoryLeak */,
			);
			name = Sources;
			sourceTree = SOURCE_ROOT;
		};
		OBJ_8 /* XCTAssertNoMemoryLeak */ = {
			isa = PBXGroup;
			children = (
				D2CB4DD2220FEC9C00CB0A62 /* Core */,
				D2AE7DF22210042A00B482AB /* Front */,
			);
			name = XCTAssertNoMemoryLeak;
			path = Sources/XCTAssertNoMemoryLeak;
			sourceTree = SOURCE_ROOT;
		};
/* End PBXGroup section */

/* Begin PBXNativeTarget section */
		"XCTAssertNoMemoryLeak::SwiftPMPackageDescription" /* XCTAssertNoMemoryLeakPackageDescription */ = {
			isa = PBXNativeTarget;
			buildConfigurationList = OBJ_25 /* Build configuration list for PBXNativeTarget "XCTAssertNoMemoryLeakPackageDescription" */;
			buildPhases = (
				OBJ_28 /* Sources */,
			);
			buildRules = (
			);
			dependencies = (
			);
			name = XCTAssertNoMemoryLeakPackageDescription;
			productName = XCTAssertNoMemoryLeakPackageDescription;
			productType = "com.apple.product-type.framework";
		};
		"XCTAssertNoMemoryLeak::XCTAssertNoMemoryLeak" /* XCTAssertNoMemoryLeak */ = {
			isa = PBXNativeTarget;
			buildConfigurationList = OBJ_18 /* Build configuration list for PBXNativeTarget "XCTAssertNoMemoryLeak" */;
			buildPhases = (
				OBJ_21 /* Sources */,
				OBJ_23 /* Frameworks */,
			);
			buildRules = (
			);
			dependencies = (
			);
			name = XCTAssertNoMemoryLeak;
			productName = XCTAssertNoMemoryLeak;
			productReference = "XCTAssertNoMemoryLeak::XCTAssertNoMemoryLeak::Product" /* XCTAssertNoMemoryLeak.framework */;
			productType = "com.apple.product-type.framework";
		};
		"XCTAssertNoMemoryLeak::XCTAssertNoMemoryLeakTests" /* XCTAssertNoMemoryLeakTests */ = {
			isa = PBXNativeTarget;
			buildConfigurationList = OBJ_36 /* Build configuration list for PBXNativeTarget "XCTAssertNoMemoryLeakTests" */;
			buildPhases = (
				OBJ_39 /* Sources */,
				OBJ_42 /* Frameworks */,
			);
			buildRules = (
			);
			dependencies = (
				OBJ_44 /* PBXTargetDependency */,
			);
			name = XCTAssertNoMemoryLeakTests;
			productName = XCTAssertNoMemoryLeakTests;
			productReference = "XCTAssertNoMemoryLeak::XCTAssertNoMemoryLeakTests::Product" /* XCTAssertNoMemoryLeakTests.xctest */;
			productType = "com.apple.product-type.bundle.unit-test";
		};
/* End PBXNativeTarget section */

/* Begin PBXProject section */
		OBJ_1 /* Project object */ = {
			isa = PBXProject;
			attributes = {
				LastUpgradeCheck = 9999;
				TargetAttributes = {
					"XCTAssertNoMemoryLeak::XCTAssertNoMemoryLeak" = {
						LastSwiftMigration = 1020;
					};
					"XCTAssertNoMemoryLeak::XCTAssertNoMemoryLeakTests" = {
						LastSwiftMigration = 1020;
					};
				};
			};
			buildConfigurationList = OBJ_2 /* Build configuration list for PBXProject "XCTAssertNoMemoryLeak" */;
			compatibilityVersion = "Xcode 3.2";
			developmentRegion = English;
			hasScannedForEncodings = 0;
			knownRegions = (
				en,
			);
			mainGroup = OBJ_5;
			productRefGroup = OBJ_14 /* Products */;
			projectDirPath = "";
			projectRoot = "";
			targets = (
				"XCTAssertNoMemoryLeak::XCTAssertNoMemoryLeak" /* XCTAssertNoMemoryLeak */,
				"XCTAssertNoMemoryLeak::SwiftPMPackageDescription" /* XCTAssertNoMemoryLeakPackageDescription */,
				"XCTAssertNoMemoryLeak::XCTAssertNoMemoryLeakPackageTests::ProductTarget" /* XCTAssertNoMemoryLeakPackageTests */,
				"XCTAssertNoMemoryLeak::XCTAssertNoMemoryLeakTests" /* XCTAssertNoMemoryLeakTests */,
			);
		};
/* End PBXProject section */

/* Begin PBXSourcesBuildPhase section */
		OBJ_21 /* Sources */ = {
			isa = PBXSourcesBuildPhase;
			buildActionMask = 0;
			files = (
				D2C2A43322264893002E0A0E /* CustomeTraversable.swift in Sources */,
				D2CB4DD4220FECE100CB0A62 /* Node.swift in Sources */,
				D2AE7DF522185D6900B482AB /* Context.swift in Sources */,
				OBJ_22 /* XCTAssertNoMemoryLeak.swift in Sources */,
				D2AE7DF1220FFBA600B482AB /* Assert.swift in Sources */,
			);
			runOnlyForDeploymentPostprocessing = 0;
		};
		OBJ_28 /* Sources */ = {
			isa = PBXSourcesBuildPhase;
			buildActionMask = 0;
			files = (
				OBJ_29 /* Package.swift in Sources */,
			);
			runOnlyForDeploymentPostprocessing = 0;
		};
		OBJ_39 /* Sources */ = {
			isa = PBXSourcesBuildPhase;
			buildActionMask = 0;
			files = (
				OBJ_40 /* XCTAssertNoMemoryLeakTests.swift in Sources */,
				D2CB4DD9220FF86900CB0A62 /* NodeTests.swift in Sources */,
				OBJ_41 /* XCTestManifests.swift in Sources */,
			);
			runOnlyForDeploymentPostprocessing = 0;
		};
/* End PBXSourcesBuildPhase section */

/* Begin PBXTargetDependency section */
		OBJ_34 /* PBXTargetDependency */ = {
			isa = PBXTargetDependency;
			target = "XCTAssertNoMemoryLeak::XCTAssertNoMemoryLeakTests" /* XCTAssertNoMemoryLeakTests */;
			targetProxy = D2CB4DD1220FEC9500CB0A62 /* PBXContainerItemProxy */;
		};
		OBJ_44 /* PBXTargetDependency */ = {
			isa = PBXTargetDependency;
			target = "XCTAssertNoMemoryLeak::XCTAssertNoMemoryLeak" /* XCTAssertNoMemoryLeak */;
			targetProxy = D2CB4DD0220FEC9100CB0A62 /* PBXContainerItemProxy */;
		};
/* End PBXTargetDependency section */

/* Begin XCBuildConfiguration section */
		OBJ_19 /* Debug */ = {
			isa = XCBuildConfiguration;
			buildSettings = {
				ENABLE_TESTABILITY = YES;
				FRAMEWORK_SEARCH_PATHS = (
					"$(inherited)",
					"$(PLATFORM_DIR)/Developer/Library/Frameworks",
				);
				HEADER_SEARCH_PATHS = "$(inherited)";
				INFOPLIST_FILE = XCTAssertNoMemoryLeak.xcodeproj/XCTAssertNoMemoryLeak_Info.plist;
				LD_RUNPATH_SEARCH_PATHS = "$(inherited) $(TOOLCHAIN_DIR)/usr/lib/swift/macosx";
				OTHER_CFLAGS = "$(inherited)";
				OTHER_LDFLAGS = "$(inherited)";
				OTHER_SWIFT_FLAGS = "$(inherited)";
				PRODUCT_BUNDLE_IDENTIFIER = XCTAssertNoMemoryLeak;
				PRODUCT_MODULE_NAME = "$(TARGET_NAME:c99extidentifier)";
				PRODUCT_NAME = "$(TARGET_NAME:c99extidentifier)";
				SKIP_INSTALL = YES;
				SWIFT_ACTIVE_COMPILATION_CONDITIONS = "$(inherited)";
				SWIFT_VERSION = 5.0;
				TARGET_NAME = XCTAssertNoMemoryLeak;
			};
			name = Debug;
		};
		OBJ_20 /* Release */ = {
			isa = XCBuildConfiguration;
			buildSettings = {
				ENABLE_TESTABILITY = YES;
				FRAMEWORK_SEARCH_PATHS = (
					"$(inherited)",
					"$(PLATFORM_DIR)/Developer/Library/Frameworks",
				);
				HEADER_SEARCH_PATHS = "$(inherited)";
				INFOPLIST_FILE = XCTAssertNoMemoryLeak.xcodeproj/XCTAssertNoMemoryLeak_Info.plist;
				LD_RUNPATH_SEARCH_PATHS = "$(inherited) $(TOOLCHAIN_DIR)/usr/lib/swift/macosx";
				OTHER_CFLAGS = "$(inherited)";
				OTHER_LDFLAGS = "$(inherited)";
				OTHER_SWIFT_FLAGS = "$(inherited)";
				PRODUCT_BUNDLE_IDENTIFIER = XCTAssertNoMemoryLeak;
				PRODUCT_MODULE_NAME = "$(TARGET_NAME:c99extidentifier)";
				PRODUCT_NAME = "$(TARGET_NAME:c99extidentifier)";
				SKIP_INSTALL = YES;
				SWIFT_ACTIVE_COMPILATION_CONDITIONS = "$(inherited)";
				SWIFT_VERSION = 5.0;
				TARGET_NAME = XCTAssertNoMemoryLeak;
			};
			name = Release;
		};
		OBJ_26 /* Debug */ = {
			isa = XCBuildConfiguration;
			buildSettings = {
				LD = /usr/bin/true;
				OTHER_SWIFT_FLAGS = "-swift-version 4.2 -I $(TOOLCHAIN_DIR)/usr/lib/swift/pm/4_2 -target x86_64-apple-macosx10.10 -sdk /Applications/Xcode.app/Contents/Developer/Platforms/MacOSX.platform/Developer/SDKs/MacOSX10.14.sdk";
				SWIFT_VERSION = 4.2;
			};
			name = Debug;
		};
		OBJ_27 /* Release */ = {
			isa = XCBuildConfiguration;
			buildSettings = {
				LD = /usr/bin/true;
				OTHER_SWIFT_FLAGS = "-swift-version 4.2 -I $(TOOLCHAIN_DIR)/usr/lib/swift/pm/4_2 -target x86_64-apple-macosx10.10 -sdk /Applications/Xcode.app/Contents/Developer/Platforms/MacOSX.platform/Developer/SDKs/MacOSX10.14.sdk";
				SWIFT_VERSION = 4.2;
			};
			name = Release;
		};
		OBJ_3 /* Debug */ = {
			isa = XCBuildConfiguration;
			buildSettings = {
				CLANG_ENABLE_OBJC_ARC = YES;
				COMBINE_HIDPI_IMAGES = YES;
				COPY_PHASE_STRIP = NO;
				DEBUG_INFORMATION_FORMAT = dwarf;
				DYLIB_INSTALL_NAME_BASE = "@rpath";
				ENABLE_NS_ASSERTIONS = YES;
				GCC_OPTIMIZATION_LEVEL = 0;
				GCC_PREPROCESSOR_DEFINITIONS = (
					"DEBUG=1",
					"$(inherited)",
				);
				MACOSX_DEPLOYMENT_TARGET = 10.10;
				ONLY_ACTIVE_ARCH = YES;
				OTHER_SWIFT_FLAGS = "-DXcode";
				PRODUCT_NAME = "$(TARGET_NAME)";
				SDKROOT = macosx;
				SUPPORTED_PLATFORMS = "macosx iphoneos iphonesimulator appletvos appletvsimulator watchos watchsimulator";
				SWIFT_ACTIVE_COMPILATION_CONDITIONS = "SWIFT_PACKAGE DEBUG";
				SWIFT_OPTIMIZATION_LEVEL = "-Onone";
				USE_HEADERMAP = NO;
			};
			name = Debug;
		};
		OBJ_32 /* Debug */ = {
			isa = XCBuildConfiguration;
			buildSettings = {
			};
			name = Debug;
		};
		OBJ_33 /* Release */ = {
			isa = XCBuildConfiguration;
			buildSettings = {
			};
			name = Release;
		};
		OBJ_37 /* Debug */ = {
			isa = XCBuildConfiguration;
			buildSettings = {
				CLANG_ENABLE_MODULES = YES;
				EMBEDDED_CONTENT_CONTAINS_SWIFT = YES;
				FRAMEWORK_SEARCH_PATHS = (
					"$(inherited)",
					"$(PLATFORM_DIR)/Developer/Library/Frameworks",
				);
				HEADER_SEARCH_PATHS = "$(inherited)";
				INFOPLIST_FILE = XCTAssertNoMemoryLeak.xcodeproj/XCTAssertNoMemoryLeakTests_Info.plist;
				LD_RUNPATH_SEARCH_PATHS = "$(inherited) @loader_path/../Frameworks @loader_path/Frameworks";
				OTHER_CFLAGS = "$(inherited)";
				OTHER_LDFLAGS = "$(inherited)";
				OTHER_SWIFT_FLAGS = "$(inherited)";
				SWIFT_ACTIVE_COMPILATION_CONDITIONS = "$(inherited)";
				SWIFT_VERSION = 5.0;
				TARGET_NAME = XCTAssertNoMemoryLeakTests;
			};
			name = Debug;
		};
		OBJ_38 /* Release */ = {
			isa = XCBuildConfiguration;
			buildSettings = {
				CLANG_ENABLE_MODULES = YES;
				EMBEDDED_CONTENT_CONTAINS_SWIFT = YES;
				FRAMEWORK_SEARCH_PATHS = (
					"$(inherited)",
					"$(PLATFORM_DIR)/Developer/Library/Frameworks",
				);
				HEADER_SEARCH_PATHS = "$(inherited)";
				INFOPLIST_FILE = XCTAssertNoMemoryLeak.xcodeproj/XCTAssertNoMemoryLeakTests_Info.plist;
				LD_RUNPATH_SEARCH_PATHS = "$(inherited) @loader_path/../Frameworks @loader_path/Frameworks";
				OTHER_CFLAGS = "$(inherited)";
				OTHER_LDFLAGS = "$(inherited)";
				OTHER_SWIFT_FLAGS = "$(inherited)";
				SWIFT_ACTIVE_COMPILATION_CONDITIONS = "$(inherited)";
				SWIFT_VERSION = 5.0;
				TARGET_NAME = XCTAssertNoMemoryLeakTests;
			};
			name = Release;
		};
		OBJ_4 /* Release */ = {
			isa = XCBuildConfiguration;
			buildSettings = {
				CLANG_ENABLE_OBJC_ARC = YES;
				COMBINE_HIDPI_IMAGES = YES;
				COPY_PHASE_STRIP = YES;
				DEBUG_INFORMATION_FORMAT = "dwarf-with-dsym";
				DYLIB_INSTALL_NAME_BASE = "@rpath";
				GCC_OPTIMIZATION_LEVEL = s;
				MACOSX_DEPLOYMENT_TARGET = 10.10;
				OTHER_SWIFT_FLAGS = "-DXcode";
				PRODUCT_NAME = "$(TARGET_NAME)";
				SDKROOT = macosx;
				SUPPORTED_PLATFORMS = "macosx iphoneos iphonesimulator appletvos appletvsimulator watchos watchsimulator";
				SWIFT_ACTIVE_COMPILATION_CONDITIONS = SWIFT_PACKAGE;
				SWIFT_OPTIMIZATION_LEVEL = "-Owholemodule";
				USE_HEADERMAP = NO;
			};
			name = Release;
		};
/* End XCBuildConfiguration section */

/* Begin XCConfigurationList section */
		OBJ_18 /* Build configuration list for PBXNativeTarget "XCTAssertNoMemoryLeak" */ = {
			isa = XCConfigurationList;
			buildConfigurations = (
				OBJ_19 /* Debug */,
				OBJ_20 /* Release */,
			);
			defaultConfigurationIsVisible = 0;
			defaultConfigurationName = Release;
		};
		OBJ_2 /* Build configuration list for PBXProject "XCTAssertNoMemoryLeak" */ = {
			isa = XCConfigurationList;
			buildConfigurations = (
				OBJ_3 /* Debug */,
				OBJ_4 /* Release */,
			);
			defaultConfigurationIsVisible = 0;
			defaultConfigurationName = Release;
		};
		OBJ_25 /* Build configuration list for PBXNativeTarget "XCTAssertNoMemoryLeakPackageDescription" */ = {
			isa = XCConfigurationList;
			buildConfigurations = (
				OBJ_26 /* Debug */,
				OBJ_27 /* Release */,
			);
			defaultConfigurationIsVisible = 0;
			defaultConfigurationName = Release;
		};
		OBJ_31 /* Build configuration list for PBXAggregateTarget "XCTAssertNoMemoryLeakPackageTests" */ = {
			isa = XCConfigurationList;
			buildConfigurations = (
				OBJ_32 /* Debug */,
				OBJ_33 /* Release */,
			);
			defaultConfigurationIsVisible = 0;
			defaultConfigurationName = Release;
		};
		OBJ_36 /* Build configuration list for PBXNativeTarget "XCTAssertNoMemoryLeakTests" */ = {
			isa = XCConfigurationList;
			buildConfigurations = (
				OBJ_37 /* Debug */,
				OBJ_38 /* Release */,
			);
			defaultConfigurationIsVisible = 0;
			defaultConfigurationName = Release;
		};
/* End XCConfigurationList section */
	};
	rootObject = OBJ_1 /* Project object */;
}
